
Microsoft Visual Studio Solution File, Format Version 12.00
# Visual Studio Version 17
VisualStudioVersion = 17.5.002.0
MinimumVisualStudioVersion = 10.0.40219.1
Project("{9A19103F-16F7-4668-BE54-9A1E7A4F7556}") = "numbers-to-words", "numbers-to-words.csproj", "{24AE1CCA-DDB5-4A39-8E51-CE9C4DF41292}"
EndProject
Global
	GlobalSection(SolutionConfigurationPlatforms) = preSolution
		Debug|Any CPU = Debug|Any CPU
		Release|Any CPU = Release|Any CPU
	EndGlobalSection
	GlobalSection(ProjectConfigurationPlatforms) = postSolution
		{24AE1CCA-DDB5-4A39-8E51-CE9C4DF41292}.Debug|Any CPU.ActiveCfg = Debug|Any CPU
		{24AE1CCA-DDB5-4A39-8E51-CE9C4DF41292}.Debug|Any CPU.Build.0 = Debug|Any CPU
		{24AE1CCA-DDB5-4A39-8E51-CE9C4DF41292}.Release|Any CPU.ActiveCfg = Release|Any CPU
		{24AE1CCA-DDB5-4A39-8E51-CE9C4DF41292}.Release|Any CPU.Build.0 = Release|Any CPU
	EndGlobalSection
	GlobalSection(SolutionProperties) = preSolution
		HideSolutionNode = FALSE
	EndGlobalSection
	GlobalSection(ExtensibilityGlobals) = postSolution
		SolutionGuid = {6E437F6B-9FAC-4FBA-8159-E5C22E9F09B0}
	EndGlobalSection
EndGlobal
